
Microsoft Visual Studio Solution File, Format Version 12.00
# Visual Studio Version 16
VisualStudioVersion = 16.0.29020.237
MinimumVisualStudioVersion = 10.0.40219.1
Project("{FAE04EC0-301F-11D3-BF4B-00C04F79EFBC}") = "WFRPManager.UI", "WFRPManager\WFRPManager.UI.csproj", "{657878FA-71C8-463A-827D-043B5F250EA2}"
EndProject
Project("{9A19103F-16F7-4668-BE54-9A1E7A4F7556}") = "WFRPManager.Logic", "WFRPManager.Logic\WFRPManager.Logic.csproj", "{6680EC6A-6B93-46EA-8448-4EC9731A9CD6}"
EndProject
Project("{9A19103F-16F7-4668-BE54-9A1E7A4F7556}") = "WFRPManager.Data", "WFRPManager.Data\WFRPManager.Data.csproj", "{A788629B-52A4-4C3D-B5F4-C36BFD5323D3}"
EndProject
Global
	GlobalSection(SolutionConfigurationPlatforms) = preSolution
		Debug|Any CPU = Debug|Any CPU
		Release|Any CPU = Release|Any CPU
	EndGlobalSection
	GlobalSection(ProjectConfigurationPlatforms) = postSolution
		{657878FA-71C8-463A-827D-043B5F250EA2}.Debug|Any CPU.ActiveCfg = Debug|Any CPU
		{657878FA-71C8-463A-827D-043B5F250EA2}.Debug|Any CPU.Build.0 = Debug|Any CPU
		{657878FA-71C8-463A-827D-043B5F250EA2}.Release|Any CPU.ActiveCfg = Release|Any CPU
		{657878FA-71C8-463A-827D-043B5F250EA2}.Release|Any CPU.Build.0 = Release|Any CPU
		{6680EC6A-6B93-46EA-8448-4EC9731A9CD6}.Debug|Any CPU.ActiveCfg = Debug|Any CPU
		{6680EC6A-6B93-46EA-8448-4EC9731A9CD6}.Debug|Any CPU.Build.0 = Debug|Any CPU
		{6680EC6A-6B93-46EA-8448-4EC9731A9CD6}.Release|Any CPU.ActiveCfg = Release|Any CPU
		{6680EC6A-6B93-46EA-8448-4EC9731A9CD6}.Release|Any CPU.Build.0 = Release|Any CPU
		{A788629B-52A4-4C3D-B5F4-C36BFD5323D3}.Debug|Any CPU.ActiveCfg = Debug|Any CPU
		{A788629B-52A4-4C3D-B5F4-C36BFD5323D3}.Debug|Any CPU.Build.0 = Debug|Any CPU
		{A788629B-52A4-4C3D-B5F4-C36BFD5323D3}.Release|Any CPU.ActiveCfg = Release|Any CPU
		{A788629B-52A4-4C3D-B5F4-C36BFD5323D3}.Release|Any CPU.Build.0 = Release|Any CPU
	EndGlobalSection
	GlobalSection(SolutionProperties) = preSolution
		HideSolutionNode = FALSE
	EndGlobalSection
	GlobalSection(ExtensibilityGlobals) = postSolution
		SolutionGuid = {BDB3555D-0B7C-4FFD-B653-425B62CC662C}
	EndGlobalSection
EndGlobal
